// !$*UTF8*$!
{
	archiveVersion = 1;
	classes = {
	};
	objectVersion = 50;
	objects = {

/* Begin PBXBuildFile section */
		414760F7226089BD00030BE6 /* AppDelegate.swift in Sources */ = {isa = PBXBuildFile; fileRef = 414760F6226089BD00030BE6 /* AppDelegate.swift */; };
		414760F9226089BD00030BE6 /* TransactionFlowContainerViewController.swift in Sources */ = {isa = PBXBuildFile; fileRef = 414760F8226089BD00030BE6 /* TransactionFlowContainerViewController.swift */; };
		414760FE226089C000030BE6 /* Assets.xcassets in Resources */ = {isa = PBXBuildFile; fileRef = 414760FD226089C000030BE6 /* Assets.xcassets */; };
		41476101226089C000030BE6 /* LaunchScreen.storyboard in Resources */ = {isa = PBXBuildFile; fileRef = 414760FF226089C000030BE6 /* LaunchScreen.storyboard */; };
		4147610C226089C000030BE6 /* Permission_HubTests.swift in Sources */ = {isa = PBXBuildFile; fileRef = 4147610B226089C000030BE6 /* Permission_HubTests.swift */; };
		41476117226089C000030BE6 /* Permission_HubUITests.swift in Sources */ = {isa = PBXBuildFile; fileRef = 41476116226089C000030BE6 /* Permission_HubUITests.swift */; };
		414761252260A64300030BE6 /* PHColors.swift in Sources */ = {isa = PBXBuildFile; fileRef = 414761242260A64300030BE6 /* PHColors.swift */; };
		414761292260ACA400030BE6 /* NetworkingService.swift in Sources */ = {isa = PBXBuildFile; fileRef = 414761282260ACA400030BE6 /* NetworkingService.swift */; };
		4147612C2260B65100030BE6 /* TransactionNotification.swift in Sources */ = {isa = PBXBuildFile; fileRef = 4147612B2260B65100030BE6 /* TransactionNotification.swift */; };
		4147612F2260C02000030BE6 /* TransactionOverviewViewController.swift in Sources */ = {isa = PBXBuildFile; fileRef = 4147612E2260C02000030BE6 /* TransactionOverviewViewController.swift */; };
		414761312260C1F700030BE6 /* PHFonts.swift in Sources */ = {isa = PBXBuildFile; fileRef = 414761302260C1F700030BE6 /* PHFonts.swift */; };
		414761332260D14E00030BE6 /* TransactionTableViewCell.swift in Sources */ = {isa = PBXBuildFile; fileRef = 414761322260D14E00030BE6 /* TransactionTableViewCell.swift */; };
		414761362260DB2B00030BE6 /* TransactionNotificationTableViewCell.swift in Sources */ = {isa = PBXBuildFile; fileRef = 414761352260DB2B00030BE6 /* TransactionNotificationTableViewCell.swift */; };
/* End PBXBuildFile section */

/* Begin PBXContainerItemProxy section */
		41476108226089C000030BE6 /* PBXContainerItemProxy */ = {
			isa = PBXContainerItemProxy;
			containerPortal = 414760EB226089BD00030BE6 /* Project object */;
			proxyType = 1;
			remoteGlobalIDString = 414760F2226089BD00030BE6;
			remoteInfo = "Permission Hub";
		};
		41476113226089C000030BE6 /* PBXContainerItemProxy */ = {
			isa = PBXContainerItemProxy;
			containerPortal = 414760EB226089BD00030BE6 /* Project object */;
			proxyType = 1;
			remoteGlobalIDString = 414760F2226089BD00030BE6;
			remoteInfo = "Permission Hub";
		};
/* End PBXContainerItemProxy section */

/* Begin PBXFileReference section */
		414760F3226089BD00030BE6 /* Permission Hub.app */ = {isa = PBXFileReference; explicitFileType = wrapper.application; includeInIndex = 0; path = "Permission Hub.app"; sourceTree = BUILT_PRODUCTS_DIR; };
		414760F6226089BD00030BE6 /* AppDelegate.swift */ = {isa = PBXFileReference; lastKnownFileType = sourcecode.swift; path = AppDelegate.swift; sourceTree = "<group>"; };
		414760F8226089BD00030BE6 /* TransactionFlowContainerViewController.swift */ = {isa = PBXFileReference; lastKnownFileType = sourcecode.swift; path = TransactionFlowContainerViewController.swift; sourceTree = "<group>"; };
		414760FD226089C000030BE6 /* Assets.xcassets */ = {isa = PBXFileReference; lastKnownFileType = folder.assetcatalog; path = Assets.xcassets; sourceTree = "<group>"; };
		41476100226089C000030BE6 /* Base */ = {isa = PBXFileReference; lastKnownFileType = file.storyboard; name = Base; path = Base.lproj/LaunchScreen.storyboard; sourceTree = "<group>"; };
		41476102226089C000030BE6 /* Info.plist */ = {isa = PBXFileReference; lastKnownFileType = text.plist.xml; path = Info.plist; sourceTree = "<group>"; };
		41476107226089C000030BE6 /* Permission HubTests.xctest */ = {isa = PBXFileReference; explicitFileType = wrapper.cfbundle; includeInIndex = 0; path = "Permission HubTests.xctest"; sourceTree = BUILT_PRODUCTS_DIR; };
		4147610B226089C000030BE6 /* Permission_HubTests.swift */ = {isa = PBXFileReference; lastKnownFileType = sourcecode.swift; path = Permission_HubTests.swift; sourceTree = "<group>"; };
		4147610D226089C000030BE6 /* Info.plist */ = {isa = PBXFileReference; lastKnownFileType = text.plist.xml; path = Info.plist; sourceTree = "<group>"; };
		41476112226089C000030BE6 /* Permission HubUITests.xctest */ = {isa = PBXFileReference; explicitFileType = wrapper.cfbundle; includeInIndex = 0; path = "Permission HubUITests.xctest"; sourceTree = BUILT_PRODUCTS_DIR; };
		41476116226089C000030BE6 /* Permission_HubUITests.swift */ = {isa = PBXFileReference; lastKnownFileType = sourcecode.swift; path = Permission_HubUITests.swift; sourceTree = "<group>"; };
		41476118226089C000030BE6 /* Info.plist */ = {isa = PBXFileReference; lastKnownFileType = text.plist.xml; path = Info.plist; sourceTree = "<group>"; };
		414761242260A64300030BE6 /* PHColors.swift */ = {isa = PBXFileReference; lastKnownFileType = sourcecode.swift; path = PHColors.swift; sourceTree = "<group>"; };
		414761282260ACA400030BE6 /* NetworkingService.swift */ = {isa = PBXFileReference; lastKnownFileType = sourcecode.swift; path = NetworkingService.swift; sourceTree = "<group>"; };
		4147612B2260B65100030BE6 /* TransactionNotification.swift */ = {isa = PBXFileReference; lastKnownFileType = sourcecode.swift; path = TransactionNotification.swift; sourceTree = "<group>"; };
		4147612E2260C02000030BE6 /* TransactionOverviewViewController.swift */ = {isa = PBXFileReference; lastKnownFileType = sourcecode.swift; path = TransactionOverviewViewController.swift; sourceTree = "<group>"; };
		414761302260C1F700030BE6 /* PHFonts.swift */ = {isa = PBXFileReference; lastKnownFileType = sourcecode.swift; path = PHFonts.swift; sourceTree = "<group>"; };
		414761322260D14E00030BE6 /* TransactionTableViewCell.swift */ = {isa = PBXFileReference; lastKnownFileType = sourcecode.swift; path = TransactionTableViewCell.swift; sourceTree = "<group>"; };
		414761352260DB2B00030BE6 /* TransactionNotificationTableViewCell.swift */ = {isa = PBXFileReference; lastKnownFileType = sourcecode.swift; path = TransactionNotificationTableViewCell.swift; sourceTree = "<group>"; };
/* End PBXFileReference section */

/* Begin PBXFrameworksBuildPhase section */
		414760F0226089BD00030BE6 /* Frameworks */ = {
			isa = PBXFrameworksBuildPhase;
			buildActionMask = 2147483647;
			files = (
			);
			runOnlyForDeploymentPostprocessing = 0;
		};
		41476104226089C000030BE6 /* Frameworks */ = {
			isa = PBXFrameworksBuildPhase;
			buildActionMask = 2147483647;
			files = (
			);
			runOnlyForDeploymentPostprocessing = 0;
		};
		4147610F226089C000030BE6 /* Frameworks */ = {
			isa = PBXFrameworksBuildPhase;
			buildActionMask = 2147483647;
			files = (
			);
			runOnlyForDeploymentPostprocessing = 0;
		};
/* End PBXFrameworksBuildPhase section */

/* Begin PBXGroup section */
		414760EA226089BD00030BE6 = {
			isa = PBXGroup;
			children = (
				414760F5226089BD00030BE6 /* Permission Hub */,
				4147610A226089C000030BE6 /* Permission HubTests */,
				41476115226089C000030BE6 /* Permission HubUITests */,
				414760F4226089BD00030BE6 /* Products */,
			);
			sourceTree = "<group>";
		};
		414760F4226089BD00030BE6 /* Products */ = {
			isa = PBXGroup;
			children = (
				414760F3226089BD00030BE6 /* Permission Hub.app */,
				41476107226089C000030BE6 /* Permission HubTests.xctest */,
				41476112226089C000030BE6 /* Permission HubUITests.xctest */,
			);
			name = Products;
			sourceTree = "<group>";
		};
		414760F5226089BD00030BE6 /* Permission Hub */ = {
			isa = PBXGroup;
			children = (
				414760F6226089BD00030BE6 /* AppDelegate.swift */,
				4147612D2260B65800030BE6 /* Models */,
				414761262260A64700030BE6 /* UI */,
				4147612A2260ACA800030BE6 /* Networking */,
				414760FD226089C000030BE6 /* Assets.xcassets */,
				414760FF226089C000030BE6 /* LaunchScreen.storyboard */,
				41476102226089C000030BE6 /* Info.plist */,
			);
			path = "Permission Hub";
			sourceTree = "<group>";
		};
		4147610A226089C000030BE6 /* Permission HubTests */ = {
			isa = PBXGroup;
			children = (
				4147610B226089C000030BE6 /* Permission_HubTests.swift */,
				4147610D226089C000030BE6 /* Info.plist */,
			);
			path = "Permission HubTests";
			sourceTree = "<group>";
		};
		41476115226089C000030BE6 /* Permission HubUITests */ = {
			isa = PBXGroup;
			children = (
				41476116226089C000030BE6 /* Permission_HubUITests.swift */,
				41476118226089C000030BE6 /* Info.plist */,
			);
			path = "Permission HubUITests";
			sourceTree = "<group>";
		};
		414761262260A64700030BE6 /* UI */ = {
			isa = PBXGroup;
			children = (
				414761272260A77A00030BE6 /* Transaction Flow */,
				414761242260A64300030BE6 /* PHColors.swift */,
				414761302260C1F700030BE6 /* PHFonts.swift */,
			);
			path = UI;
			sourceTree = "<group>";
		};
		414761272260A77A00030BE6 /* Transaction Flow */ = {
			isa = PBXGroup;
			children = (
				414761342260D17700030BE6 /* Cells */,
				4147612E2260C02000030BE6 /* TransactionOverviewViewController.swift */,
				414760F8226089BD00030BE6 /* TransactionFlowContainerViewController.swift */,
			);
			path = "Transaction Flow";
			sourceTree = "<group>";
		};
		4147612A2260ACA800030BE6 /* Networking */ = {
			isa = PBXGroup;
			children = (
				414761282260ACA400030BE6 /* NetworkingService.swift */,
			);
			path = Networking;
			sourceTree = "<group>";
		};
		4147612D2260B65800030BE6 /* Models */ = {
			isa = PBXGroup;
			children = (
				4147612B2260B65100030BE6 /* TransactionNotification.swift */,
			);
			path = Models;
			sourceTree = "<group>";
		};
		414761342260D17700030BE6 /* Cells */ = {
			isa = PBXGroup;
			children = (
				414761322260D14E00030BE6 /* TransactionTableViewCell.swift */,
				414761352260DB2B00030BE6 /* TransactionNotificationTableViewCell.swift */,
			);
			name = Cells;
			sourceTree = "<group>";
		};
/* End PBXGroup section */

/* Begin PBXNativeTarget section */
		414760F2226089BD00030BE6 /* Permission Hub */ = {
			isa = PBXNativeTarget;
			buildConfigurationList = 4147611B226089C000030BE6 /* Build configuration list for PBXNativeTarget "Permission Hub" */;
			buildPhases = (
				414760EF226089BD00030BE6 /* Sources */,
				414760F0226089BD00030BE6 /* Frameworks */,
				414760F1226089BD00030BE6 /* Resources */,
			);
			buildRules = (
			);
			dependencies = (
			);
			name = "Permission Hub";
			productName = "Permission Hub";
			productReference = 414760F3226089BD00030BE6 /* Permission Hub.app */;
			productType = "com.apple.product-type.application";
		};
		41476106226089C000030BE6 /* Permission HubTests */ = {
			isa = PBXNativeTarget;
			buildConfigurationList = 4147611E226089C000030BE6 /* Build configuration list for PBXNativeTarget "Permission HubTests" */;
			buildPhases = (
				41476103226089C000030BE6 /* Sources */,
				41476104226089C000030BE6 /* Frameworks */,
				41476105226089C000030BE6 /* Resources */,
			);
			buildRules = (
			);
			dependencies = (
				41476109226089C000030BE6 /* PBXTargetDependency */,
			);
			name = "Permission HubTests";
			productName = "Permission HubTests";
			productReference = 41476107226089C000030BE6 /* Permission HubTests.xctest */;
			productType = "com.apple.product-type.bundle.unit-test";
		};
		41476111226089C000030BE6 /* Permission HubUITests */ = {
			isa = PBXNativeTarget;
			buildConfigurationList = 41476121226089C000030BE6 /* Build configuration list for PBXNativeTarget "Permission HubUITests" */;
			buildPhases = (
				4147610E226089C000030BE6 /* Sources */,
				4147610F226089C000030BE6 /* Frameworks */,
				41476110226089C000030BE6 /* Resources */,
			);
			buildRules = (
			);
			dependencies = (
				41476114226089C000030BE6 /* PBXTargetDependency */,
			);
			name = "Permission HubUITests";
			productName = "Permission HubUITests";
			productReference = 41476112226089C000030BE6 /* Permission HubUITests.xctest */;
			productType = "com.apple.product-type.bundle.ui-testing";
		};
/* End PBXNativeTarget section */

/* Begin PBXProject section */
		414760EB226089BD00030BE6 /* Project object */ = {
			isa = PBXProject;
			attributes = {
				LastSwiftUpdateCheck = 1010;
				LastUpgradeCheck = 1010;
				ORGANIZATIONNAME = Planet;
				TargetAttributes = {
					414760F2226089BD00030BE6 = {
						CreatedOnToolsVersion = 10.1;
					};
					41476106226089C000030BE6 = {
						CreatedOnToolsVersion = 10.1;
						TestTargetID = 414760F2226089BD00030BE6;
					};
					41476111226089C000030BE6 = {
						CreatedOnToolsVersion = 10.1;
						TestTargetID = 414760F2226089BD00030BE6;
					};
				};
			};
			buildConfigurationList = 414760EE226089BD00030BE6 /* Build configuration list for PBXProject "Permission Hub" */;
			compatibilityVersion = "Xcode 9.3";
			developmentRegion = en;
			hasScannedForEncodings = 0;
			knownRegions = (
				en,
				Base,
			);
			mainGroup = 414760EA226089BD00030BE6;
			productRefGroup = 414760F4226089BD00030BE6 /* Products */;
			projectDirPath = "";
			projectRoot = "";
			targets = (
				414760F2226089BD00030BE6 /* Permission Hub */,
				41476106226089C000030BE6 /* Permission HubTests */,
				41476111226089C000030BE6 /* Permission HubUITests */,
			);
		};
/* End PBXProject section */

/* Begin PBXResourcesBuildPhase section */
		414760F1226089BD00030BE6 /* Resources */ = {
			isa = PBXResourcesBuildPhase;
			buildActionMask = 2147483647;
			files = (
				41476101226089C000030BE6 /* LaunchScreen.storyboard in Resources */,
				414760FE226089C000030BE6 /* Assets.xcassets in Resources */,
			);
			runOnlyForDeploymentPostprocessing = 0;
		};
		41476105226089C000030BE6 /* Resources */ = {
			isa = PBXResourcesBuildPhase;
			buildActionMask = 2147483647;
			files = (
			);
			runOnlyForDeploymentPostprocessing = 0;
		};
		41476110226089C000030BE6 /* Resources */ = {
			isa = PBXResourcesBuildPhase;
			buildActionMask = 2147483647;
			files = (
			);
			runOnlyForDeploymentPostprocessing = 0;
		};
/* End PBXResourcesBuildPhase section */

/* Begin PBXSourcesBuildPhase section */
		414760EF226089BD00030BE6 /* Sources */ = {
			isa = PBXSourcesBuildPhase;
			buildActionMask = 2147483647;
			files = (
				414760F9226089BD00030BE6 /* TransactionFlowContainerViewController.swift in Sources */,
				414761252260A64300030BE6 /* PHColors.swift in Sources */,
				414761362260DB2B00030BE6 /* TransactionNotificationTableViewCell.swift in Sources */,
				414761332260D14E00030BE6 /* TransactionTableViewCell.swift in Sources */,
				4147612F2260C02000030BE6 /* TransactionOverviewViewController.swift in Sources */,
				4147612C2260B65100030BE6 /* TransactionNotification.swift in Sources */,
				414760F7226089BD00030BE6 /* AppDelegate.swift in Sources */,
				414761292260ACA400030BE6 /* NetworkingService.swift in Sources */,
				414761312260C1F700030BE6 /* PHFonts.swift in Sources */,
			);
			runOnlyForDeploymentPostprocessing = 0;
		};
		41476103226089C000030BE6 /* Sources */ = {
			isa = PBXSourcesBuildPhase;
			buildActionMask = 2147483647;
			files = (
				4147610C226089C000030BE6 /* Permission_HubTests.swift in Sources */,
			);
			runOnlyForDeploymentPostprocessing = 0;
		};
		4147610E226089C000030BE6 /* Sources */ = {
			isa = PBXSourcesBuildPhase;
			buildActionMask = 2147483647;
			files = (
				41476117226089C000030BE6 /* Permission_HubUITests.swift in Sources */,
			);
			runOnlyForDeploymentPostprocessing = 0;
		};
/* End PBXSourcesBuildPhase section */

/* Begin PBXTargetDependency section */
		41476109226089C000030BE6 /* PBXTargetDependency */ = {
			isa = PBXTargetDependency;
			target = 414760F2226089BD00030BE6 /* Permission Hub */;
			targetProxy = 41476108226089C000030BE6 /* PBXContainerItemProxy */;
		};
		41476114226089C000030BE6 /* PBXTargetDependency */ = {
			isa = PBXTargetDependency;
			target = 414760F2226089BD00030BE6 /* Permission Hub */;
			targetProxy = 41476113226089C000030BE6 /* PBXContainerItemProxy */;
		};
/* End PBXTargetDependency section */

/* Begin PBXVariantGroup section */
		414760FF226089C000030BE6 /* LaunchScreen.storyboard */ = {
			isa = PBXVariantGroup;
			children = (
				41476100226089C000030BE6 /* Base */,
			);
			name = LaunchScreen.storyboard;
			sourceTree = "<group>";
		};
/* End PBXVariantGroup section */

/* Begin XCBuildConfiguration section */
		41476119226089C000030BE6 /* Debug */ = {
			isa = XCBuildConfiguration;
			buildSettings = {
				ALWAYS_SEARCH_USER_PATHS = NO;
				CLANG_ANALYZER_NONNULL = YES;
				CLANG_ANALYZER_NUMBER_OBJECT_CONVERSION = YES_AGGRESSIVE;
				CLANG_CXX_LANGUAGE_STANDARD = "gnu++14";
				CLANG_CXX_LIBRARY = "libc++";
				CLANG_ENABLE_MODULES = YES;
				CLANG_ENABLE_OBJC_ARC = YES;
				CLANG_ENABLE_OBJC_WEAK = YES;
				CLANG_WARN_BLOCK_CAPTURE_AUTORELEASING = YES;
				CLANG_WARN_BOOL_CONVERSION = YES;
				CLANG_WARN_COMMA = YES;
				CLANG_WARN_CONSTANT_CONVERSION = YES;
				CLANG_WARN_DEPRECATED_OBJC_IMPLEMENTATIONS = YES;
				CLANG_WARN_DIRECT_OBJC_ISA_USAGE = YES_ERROR;
				CLANG_WARN_DOCUMENTATION_COMMENTS = YES;
				CLANG_WARN_EMPTY_BODY = YES;
				CLANG_WARN_ENUM_CONVERSION = YES;
				CLANG_WARN_INFINITE_RECURSION = YES;
				CLANG_WARN_INT_CONVERSION = YES;
				CLANG_WARN_NON_LITERAL_NULL_CONVERSION = YES;
				CLANG_WARN_OBJC_IMPLICIT_RETAIN_SELF = YES;
				CLANG_WARN_OBJC_LITERAL_CONVERSION = YES;
				CLANG_WARN_OBJC_ROOT_CLASS = YES_ERROR;
				CLANG_WARN_RANGE_LOOP_ANALYSIS = YES;
				CLANG_WARN_STRICT_PROTOTYPES = YES;
				CLANG_WARN_SUSPICIOUS_MOVE = YES;
				CLANG_WARN_UNGUARDED_AVAILABILITY = YES_AGGRESSIVE;
				CLANG_WARN_UNREACHABLE_CODE = YES;
				CLANG_WARN__DUPLICATE_METHOD_MATCH = YES;
				CODE_SIGN_IDENTITY = "iPhone Developer";
				COPY_PHASE_STRIP = NO;
				DEBUG_INFORMATION_FORMAT = dwarf;
				ENABLE_STRICT_OBJC_MSGSEND = YES;
				ENABLE_TESTABILITY = YES;
				GCC_C_LANGUAGE_STANDARD = gnu11;
				GCC_DYNAMIC_NO_PIC = NO;
				GCC_NO_COMMON_BLOCKS = YES;
				GCC_OPTIMIZATION_LEVEL = 0;
				GCC_PREPROCESSOR_DEFINITIONS = (
					"DEBUG=1",
					"$(inherited)",
				);
				GCC_WARN_64_TO_32_BIT_CONVERSION = YES;
				GCC_WARN_ABOUT_RETURN_TYPE = YES_ERROR;
				GCC_WARN_UNDECLARED_SELECTOR = YES;
				GCC_WARN_UNINITIALIZED_AUTOS = YES_AGGRESSIVE;
				GCC_WARN_UNUSED_FUNCTION = YES;
				GCC_WARN_UNUSED_VARIABLE = YES;
				IPHONEOS_DEPLOYMENT_TARGET = 12.1;
				MTL_ENABLE_DEBUG_INFO = INCLUDE_SOURCE;
				MTL_FAST_MATH = YES;
				ONLY_ACTIVE_ARCH = YES;
				SDKROOT = iphoneos;
				SWIFT_ACTIVE_COMPILATION_CONDITIONS = DEBUG;
				SWIFT_OPTIMIZATION_LEVEL = "-Onone";
			};
			name = Debug;
		};
		4147611A226089C000030BE6 /* Release */ = {
			isa = XCBuildConfiguration;
			buildSettings = {
				ALWAYS_SEARCH_USER_PATHS = NO;
				CLANG_ANALYZER_NONNULL = YES;
				CLANG_ANALYZER_NUMBER_OBJECT_CONVERSION = YES_AGGRESSIVE;
				CLANG_CXX_LANGUAGE_STANDARD = "gnu++14";
				CLANG_CXX_LIBRARY = "libc++";
				CLANG_ENABLE_MODULES = YES;
				CLANG_ENABLE_OBJC_ARC = YES;
				CLANG_ENABLE_OBJC_WEAK = YES;
				CLANG_WARN_BLOCK_CAPTURE_AUTORELEASING = YES;
				CLANG_WARN_BOOL_CONVERSION = YES;
				CLANG_WARN_COMMA = YES;
				CLANG_WARN_CONSTANT_CONVERSION = YES;
				CLANG_WARN_DEPRECATED_OBJC_IMPLEMENTATIONS = YES;
				CLANG_WARN_DIRECT_OBJC_ISA_USAGE = YES_ERROR;
				CLANG_WARN_DOCUMENTATION_COMMENTS = YES;
				CLANG_WARN_EMPTY_BODY = YES;
				CLANG_WARN_ENUM_CONVERSION = YES;
				CLANG_WARN_INFINITE_RECURSION = YES;
				CLANG_WARN_INT_CONVERSION = YES;
				CLANG_WARN_NON_LITERAL_NULL_CONVERSION = YES;
				CLANG_WARN_OBJC_IMPLICIT_RETAIN_SELF = YES;
				CLANG_WARN_OBJC_LITERAL_CONVERSION = YES;
				CLANG_WARN_OBJC_ROOT_CLASS = YES_ERROR;
				CLANG_WARN_RANGE_LOOP_ANALYSIS = YES;
				CLANG_WARN_STRICT_PROTOTYPES = YES;
				CLANG_WARN_SUSPICIOUS_MOVE = YES;
				CLANG_WARN_UNGUARDED_AVAILABILITY = YES_AGGRESSIVE;
				CLANG_WARN_UNREACHABLE_CODE = YES;
				CLANG_WARN__DUPLICATE_METHOD_MATCH = YES;
				CODE_SIGN_IDENTITY = "iPhone Developer";
				COPY_PHASE_STRIP = NO;
				DEBUG_INFORMATION_FORMAT = "dwarf-with-dsym";
				ENABLE_NS_ASSERTIONS = NO;
				ENABLE_STRICT_OBJC_MSGSEND = YES;
				GCC_C_LANGUAGE_STANDARD = gnu11;
				GCC_NO_COMMON_BLOCKS = YES;
				GCC_WARN_64_TO_32_BIT_CONVERSION = YES;
				GCC_WARN_ABOUT_RETURN_TYPE = YES_ERROR;
				GCC_WARN_UNDECLARED_SELECTOR = YES;
				GCC_WARN_UNINITIALIZED_AUTOS = YES_AGGRESSIVE;
				GCC_WARN_UNUSED_FUNCTION = YES;
				GCC_WARN_UNUSED_VARIABLE = YES;
				IPHONEOS_DEPLOYMENT_TARGET = 12.1;
				MTL_ENABLE_DEBUG_INFO = NO;
				MTL_FAST_MATH = YES;
				SDKROOT = iphoneos;
				SWIFT_COMPILATION_MODE = wholemodule;
				SWIFT_OPTIMIZATION_LEVEL = "-O";
				VALIDATE_PRODUCT = YES;
			};
			name = Release;
		};
		4147611C226089C000030BE6 /* Debug */ = {
			isa = XCBuildConfiguration;
			buildSettings = {
				ASSETCATALOG_COMPILER_APPICON_NAME = AppIcon;
				CODE_SIGN_STYLE = Automatic;
				DEVELOPMENT_TEAM = 5GWBH83EBX;
				INFOPLIST_FILE = "Permission Hub/Info.plist";
				LD_RUNPATH_SEARCH_PATHS = (
					"$(inherited)",
					"@executable_path/Frameworks",
				);
				PRODUCT_BUNDLE_IDENTIFIER = "Planet.Permission-Hub";
				PRODUCT_NAME = "$(TARGET_NAME)";
				SWIFT_VERSION = 4.2;
				TARGETED_DEVICE_FAMILY = "1,2";
			};
			name = Debug;
		};
		4147611D226089C000030BE6 /* Release */ = {
			isa = XCBuildConfiguration;
			buildSettings = {
				ASSETCATALOG_COMPILER_APPICON_NAME = AppIcon;
				CODE_SIGN_STYLE = Automatic;
				DEVELOPMENT_TEAM = 5GWBH83EBX;
				INFOPLIST_FILE = "Permission Hub/Info.plist";
				LD_RUNPATH_SEARCH_PATHS = (
					"$(inherited)",
					"@executable_path/Frameworks",
				);
				PRODUCT_BUNDLE_IDENTIFIER = "Planet.Permission-Hub";
				PRODUCT_NAME = "$(TARGET_NAME)";
				SWIFT_VERSION = 4.2;
				TARGETED_DEVICE_FAMILY = "1,2";
			};
			name = Release;
		};
		4147611F226089C000030BE6 /* Debug */ = {
			isa = XCBuildConfiguration;
			buildSettings = {
				ALWAYS_EMBED_SWIFT_STANDARD_LIBRARIES = YES;
				BUNDLE_LOADER = "$(TEST_HOST)";
				CODE_SIGN_STYLE = Automatic;
				DEVELOPMENT_TEAM = 5GWBH83EBX;
				INFOPLIST_FILE = "Permission HubTests/Info.plist";
				LD_RUNPATH_SEARCH_PATHS = (
					"$(inherited)",
					"@executable_path/Frameworks",
					"@loader_path/Frameworks",
				);
				PRODUCT_BUNDLE_IDENTIFIER = "Planet.Permission-HubTests";
				PRODUCT_NAME = "$(TARGET_NAME)";
				SWIFT_VERSION = 4.2;
				TARGETED_DEVICE_FAMILY = "1,2";
				TEST_HOST = "$(BUILT_PRODUCTS_DIR)/Permission Hub.app/Permission Hub";
			};
			name = Debug;
		};
		41476120226089C000030BE6 /* Release */ = {
			isa = XCBuildConfiguration;
			buildSettings = {
				ALWAYS_EMBED_SWIFT_STANDARD_LIBRARIES = YES;
				BUNDLE_LOADER = "$(TEST_HOST)";
				CODE_SIGN_STYLE = Automatic;
				DEVELOPMENT_TEAM = 5GWBH83EBX;
				INFOPLIST_FILE = "Permission HubTests/Info.plist";
				LD_RUNPATH_SEARCH_PATHS = (
					"$(inherited)",
					"@executable_path/Frameworks",
					"@loader_path/Frameworks",
				);
				PRODUCT_BUNDLE_IDENTIFIER = "Planet.Permission-HubTests";
				PRODUCT_NAME = "$(TARGET_NAME)";
				SWIFT_VERSION = 4.2;
				TARGETED_DEVICE_FAMILY = "1,2";
				TEST_HOST = "$(BUILT_PRODUCTS_DIR)/Permission Hub.app/Permission Hub";
			};
			name = Release;
		};
		41476122226089C000030BE6 /* Debug */ = {
			isa = XCBuildConfiguration;
			buildSettings = {
				ALWAYS_EMBED_SWIFT_STANDARD_LIBRARIES = YES;
				CODE_SIGN_STYLE = Automatic;
				DEVELOPMENT_TEAM = 5GWBH83EBX;
				INFOPLIST_FILE = "Permission HubUITests/Info.plist";
				LD_RUNPATH_SEARCH_PATHS = (
					"$(inherited)",
					"@executable_path/Frameworks",
					"@loader_path/Frameworks",
				);
				PRODUCT_BUNDLE_IDENTIFIER = "Planet.Permission-HubUITests";
				PRODUCT_NAME = "$(TARGET_NAME)";
				SWIFT_VERSION = 4.2;
				TARGETED_DEVICE_FAMILY = "1,2";
				TEST_TARGET_NAME = "Permission Hub";
			};
			name = Debug;
		};
		41476123226089C000030BE6 /* Release */ = {
			isa = XCBuildConfiguration;
			buildSettings = {
				ALWAYS_EMBED_SWIFT_STANDARD_LIBRARIES = YES;
				CODE_SIGN_STYLE = Automatic;
				DEVELOPMENT_TEAM = 5GWBH83EBX;
				INFOPLIST_FILE = "Permission HubUITests/Info.plist";
				LD_RUNPATH_SEARCH_PATHS = (
					"$(inherited)",
					"@executable_path/Frameworks",
					"@loader_path/Frameworks",
				);
				PRODUCT_BUNDLE_IDENTIFIER = "Planet.Permission-HubUITests";
				PRODUCT_NAME = "$(TARGET_NAME)";
				SWIFT_VERSION = 4.2;
				TARGETED_DEVICE_FAMILY = "1,2";
				TEST_TARGET_NAME = "Permission Hub";
			};
			name = Release;
		};
/* End XCBuildConfiguration section */

/* Begin XCConfigurationList section */
		414760EE226089BD00030BE6 /* Build configuration list for PBXProject "Permission Hub" */ = {
			isa = XCConfigurationList;
			buildConfigurations = (
				41476119226089C000030BE6 /* Debug */,
				4147611A226089C000030BE6 /* Release */,
			);
			defaultConfigurationIsVisible = 0;
			defaultConfigurationName = Release;
		};
		4147611B226089C000030BE6 /* Build configuration list for PBXNativeTarget "Permission Hub" */ = {
			isa = XCConfigurationList;
			buildConfigurations = (
				4147611C226089C000030BE6 /* Debug */,
				4147611D226089C000030BE6 /* Release */,
			);
			defaultConfigurationIsVisible = 0;
			defaultConfigurationName = Release;
		};
		4147611E226089C000030BE6 /* Build configuration list for PBXNativeTarget "Permission HubTests" */ = {
			isa = XCConfigurationList;
			buildConfigurations = (
				4147611F226089C000030BE6 /* Debug */,
				41476120226089C000030BE6 /* Release */,
			);
			defaultConfigurationIsVisible = 0;
			defaultConfigurationName = Release;
		};
		41476121226089C000030BE6 /* Build configuration list for PBXNativeTarget "Permission HubUITests" */ = {
			isa = XCConfigurationList;
			buildConfigurations = (
				41476122226089C000030BE6 /* Debug */,
				41476123226089C000030BE6 /* Release */,
			);
			defaultConfigurationIsVisible = 0;
			defaultConfigurationName = Release;
		};
/* End XCConfigurationList section */
	};
	rootObject = 414760EB226089BD00030BE6 /* Project object */;
}
